
Microsoft Visual Studio Solution File, Format Version 12.00
# Visual Studio Version 17
VisualStudioVersion = 17.6.34202.202
MinimumVisualStudioVersion = 10.0.40219.1
Project("{9A19103F-16F7-4668-BE54-9A1E7A4F7556}") = "CursoCSharp", "CursoCSharp\CursoCSharp.csproj", "{50BB1069-C4D8-4121-8FD9-10F56A418C41}"
EndProject
Project("{FAE04EC0-301F-11D3-BF4B-00C04F79EFBC}") = "Encapsulamento", "Encapsulamento\Encapsulamento.csproj", "{AFE7F17A-CC41-4BD9-A90B-2948C43345A7}"
EndProject
Global
	GlobalSection(SolutionConfigurationPlatforms) = preSolution
		Debug|Any CPU = Debug|Any CPU
		Release|Any CPU = Release|Any CPU
	EndGlobalSection
	GlobalSection(ProjectConfigurationPlatforms) = postSolution
		{50BB1069-C4D8-4121-8FD9-10F56A418C41}.Debug|Any CPU.ActiveCfg = Debug|Any CPU
		{50BB1069-C4D8-4121-8FD9-10F56A418C41}.Debug|Any CPU.Build.0 = Debug|Any CPU
		{50BB1069-C4D8-4121-8FD9-10F56A418C41}.Release|Any CPU.ActiveCfg = Release|Any CPU
		{50BB1069-C4D8-4121-8FD9-10F56A418C41}.Release|Any CPU.Build.0 = Release|Any CPU
		{AFE7F17A-CC41-4BD9-A90B-2948C43345A7}.Debug|Any CPU.ActiveCfg = Debug|Any CPU
		{AFE7F17A-CC41-4BD9-A90B-2948C43345A7}.Debug|Any CPU.Build.0 = Debug|Any CPU
		{AFE7F17A-CC41-4BD9-A90B-2948C43345A7}.Release|Any CPU.ActiveCfg = Release|Any CPU
		{AFE7F17A-CC41-4BD9-A90B-2948C43345A7}.Release|Any CPU.Build.0 = Release|Any CPU
	EndGlobalSection
	GlobalSection(SolutionProperties) = preSolution
		HideSolutionNode = FALSE
	EndGlobalSection
	GlobalSection(ExtensibilityGlobals) = postSolution
		SolutionGuid = {6CA649CF-3AC3-4A71-B8B8-CD4E3F67DB98}
	EndGlobalSection
EndGlobal
